// !$*UTF8*$!
{
	archiveVersion = 1;
	classes = {
	};
	objectVersion = 46;
	objects = {

/* Begin PBXBuildFile section */
		333AA9651C29451A0080B33C /* main.m in Sources */ = {isa = PBXBuildFile; fileRef = 333AA9641C29451A0080B33C /* main.m */; };
		333AA9681C29451A0080B33C /* AppDelegate.m in Sources */ = {isa = PBXBuildFile; fileRef = 333AA9671C29451A0080B33C /* AppDelegate.m */; };
		333AA96B1C29451A0080B33C /* ViewController.m in Sources */ = {isa = PBXBuildFile; fileRef = 333AA96A1C29451A0080B33C /* ViewController.m */; };
		333AA96E1C29451A0080B33C /* Main.storyboard in Resources */ = {isa = PBXBuildFile; fileRef = 333AA96C1C29451A0080B33C /* Main.storyboard */; };
		333AA9701C29451A0080B33C /* Assets.xcassets in Resources */ = {isa = PBXBuildFile; fileRef = 333AA96F1C29451A0080B33C /* Assets.xcassets */; };
		333AA9731C29451A0080B33C /* LaunchScreen.storyboard in Resources */ = {isa = PBXBuildFile; fileRef = 333AA9711C29451A0080B33C /* LaunchScreen.storyboard */; };
		333AA97E1C29451A0080B33C /* PYArcMenuViewTests.m in Sources */ = {isa = PBXBuildFile; fileRef = 333AA97D1C29451A0080B33C /* PYArcMenuViewTests.m */; };
		333AA9891C29451A0080B33C /* PYArcMenuViewUITests.m in Sources */ = {isa = PBXBuildFile; fileRef = 333AA9881C29451A0080B33C /* PYArcMenuViewUITests.m */; };
/* End PBXBuildFile section */

/* Begin PBXContainerItemProxy section */
		333AA97A1C29451A0080B33C /* PBXContainerItemProxy */ = {
			isa = PBXContainerItemProxy;
			containerPortal = 333AA9581C29451A0080B33C /* Project object */;
			proxyType = 1;
			remoteGlobalIDString = 333AA95F1C29451A0080B33C;
			remoteInfo = PYArcMenuView;
		};
		333AA9851C29451A0080B33C /* PBXContainerItemProxy */ = {
			isa = PBXContainerItemProxy;
			containerPortal = 333AA9581C29451A0080B33C /* Project object */;
			proxyType = 1;
			remoteGlobalIDString = 333AA95F1C29451A0080B33C;
			remoteInfo = PYArcMenuView;
		};
/* End PBXContainerItemProxy section */

/* Begin PBXFileReference section */
		333AA9601C29451A0080B33C /* PYArcMenuView.app */ = {isa = PBXFileReference; explicitFileType = wrapper.application; includeInIndex = 0; path = PYArcMenuView.app; sourceTree = BUILT_PRODUCTS_DIR; };
		333AA9641C29451A0080B33C /* main.m */ = {isa = PBXFileReference; lastKnownFileType = sourcecode.c.objc; path = main.m; sourceTree = "<group>"; };
		333AA9661C29451A0080B33C /* AppDelegate.h */ = {isa = PBXFileReference; lastKnownFileType = sourcecode.c.h; path = AppDelegate.h; sourceTree = "<group>"; };
		333AA9671C29451A0080B33C /* AppDelegate.m */ = {isa = PBXFileReference; lastKnownFileType = sourcecode.c.objc; path = AppDelegate.m; sourceTree = "<group>"; };
		333AA9691C29451A0080B33C /* ViewController.h */ = {isa = PBXFileReference; lastKnownFileType = sourcecode.c.h; path = ViewController.h; sourceTree = "<group>"; };
		333AA96A1C29451A0080B33C /* ViewController.m */ = {isa = PBXFileReference; lastKnownFileType = sourcecode.c.objc; path = ViewController.m; sourceTree = "<group>"; };
		333AA96D1C29451A0080B33C /* Base */ = {isa = PBXFileReference; lastKnownFileType = file.storyboard; name = Base; path = Base.lproj/Main.storyboard; sourceTree = "<group>"; };
		333AA96F1C29451A0080B33C /* Assets.xcassets */ = {isa = PBXFileReference; lastKnownFileType = folder.assetcatalog; path = Assets.xcassets; sourceTree = "<group>"; };
		333AA9721C29451A0080B33C /* Base */ = {isa = PBXFileReference; lastKnownFileType = file.storyboard; name = Base; path = Base.lproj/LaunchScreen.storyboard; sourceTree = "<group>"; };
		333AA9741C29451A0080B33C /* Info.plist */ = {isa = PBXFileReference; lastKnownFileType = text.plist.xml; path = Info.plist; sourceTree = "<group>"; };
		333AA9791C29451A0080B33C /* PYArcMenuViewTests.xctest */ = {isa = PBXFileReference; explicitFileType = wrapper.cfbundle; includeInIndex = 0; path = PYArcMenuViewTests.xctest; sourceTree = BUILT_PRODUCTS_DIR; };
		333AA97D1C29451A0080B33C /* PYArcMenuViewTests.m */ = {isa = PBXFileReference; lastKnownFileType = sourcecode.c.objc; path = PYArcMenuViewTests.m; sourceTree = "<group>"; };
		333AA97F1C29451A0080B33C /* Info.plist */ = {isa = PBXFileReference; lastKnownFileType = text.plist.xml; path = Info.plist; sourceTree = "<group>"; };
		333AA9841C29451A0080B33C /* PYArcMenuViewUITests.xctest */ = {isa = PBXFileReference; explicitFileType = wrapper.cfbundle; includeInIndex = 0; path = PYArcMenuViewUITests.xctest; sourceTree = BUILT_PRODUCTS_DIR; };
		333AA9881C29451A0080B33C /* PYArcMenuViewUITests.m */ = {isa = PBXFileReference; lastKnownFileType = sourcecode.c.objc; path = PYArcMenuViewUITests.m; sourceTree = "<group>"; };
		333AA98A1C29451A0080B33C /* Info.plist */ = {isa = PBXFileReference; lastKnownFileType = text.plist.xml; path = Info.plist; sourceTree = "<group>"; };
/* End PBXFileReference section */

/* Begin PBXFrameworksBuildPhase section */
		333AA95D1C29451A0080B33C /* Frameworks */ = {
			isa = PBXFrameworksBuildPhase;
			buildActionMask = 2147483647;
			files = (
			);
			runOnlyForDeploymentPostprocessing = 0;
		};
		333AA9761C29451A0080B33C /* Frameworks */ = {
			isa = PBXFrameworksBuildPhase;
			buildActionMask = 2147483647;
			files = (
			);
			runOnlyForDeploymentPostprocessing = 0;
		};
		333AA9811C29451A0080B33C /* Frameworks */ = {
			isa = PBXFrameworksBuildPhase;
			buildActionMask = 2147483647;
			files = (
			);
			runOnlyForDeploymentPostprocessing = 0;
		};
/* End PBXFrameworksBuildPhase section */

/* Begin PBXGroup section */
		333AA9571C29451A0080B33C = {
			isa = PBXGroup;
			children = (
				333AA9621C29451A0080B33C /* PYArcMenuView */,
				333AA97C1C29451A0080B33C /* PYArcMenuViewTests */,
				333AA9871C29451A0080B33C /* PYArcMenuViewUITests */,
				333AA9611C29451A0080B33C /* Products */,
			);
			sourceTree = "<group>";
		};
		333AA9611C29451A0080B33C /* Products */ = {
			isa = PBXGroup;
			children = (
				333AA9601C29451A0080B33C /* PYArcMenuView.app */,
				333AA9791C29451A0080B33C /* PYArcMenuViewTests.xctest */,
				333AA9841C29451A0080B33C /* PYArcMenuViewUITests.xctest */,
			);
			name = Products;
			sourceTree = "<group>";
		};
		333AA9621C29451A0080B33C /* PYArcMenuView */ = {
			isa = PBXGroup;
			children = (
				333AA9661C29451A0080B33C /* AppDelegate.h */,
				333AA9671C29451A0080B33C /* AppDelegate.m */,
				333AA9691C29451A0080B33C /* ViewController.h */,
				333AA96A1C29451A0080B33C /* ViewController.m */,
				333AA96C1C29451A0080B33C /* Main.storyboard */,
				333AA96F1C29451A0080B33C /* Assets.xcassets */,
				333AA9711C29451A0080B33C /* LaunchScreen.storyboard */,
				333AA9741C29451A0080B33C /* Info.plist */,
				333AA9631C29451A0080B33C /* Supporting Files */,
			);
			path = PYArcMenuView;
			sourceTree = "<group>";
		};
		333AA9631C29451A0080B33C /* Supporting Files */ = {
			isa = PBXGroup;
			children = (
				333AA9641C29451A0080B33C /* main.m */,
			);
			name = "Supporting Files";
			sourceTree = "<group>";
		};
		333AA97C1C29451A0080B33C /* PYArcMenuViewTests */ = {
			isa = PBXGroup;
			children = (
				333AA97D1C29451A0080B33C /* PYArcMenuViewTests.m */,
				333AA97F1C29451A0080B33C /* Info.plist */,
			);
			path = PYArcMenuViewTests;
			sourceTree = "<group>";
		};
		333AA9871C29451A0080B33C /* PYArcMenuViewUITests */ = {
			isa = PBXGroup;
			children = (
				333AA9881C29451A0080B33C /* PYArcMenuViewUITests.m */,
				333AA98A1C29451A0080B33C /* Info.plist */,
			);
			path = PYArcMenuViewUITests;
			sourceTree = "<group>";
		};
/* End PBXGroup section */

/* Begin PBXNativeTarget section */
		333AA95F1C29451A0080B33C /* PYArcMenuView */ = {
			isa = PBXNativeTarget;
			buildConfigurationList = 333AA98D1C29451A0080B33C /* Build configuration list for PBXNativeTarget "PYArcMenuView" */;
			buildPhases = (
				333AA95C1C29451A0080B33C /* Sources */,
				333AA95D1C29451A0080B33C /* Frameworks */,
				333AA95E1C29451A0080B33C /* Resources */,
			);
			buildRules = (
			);
			dependencies = (
			);
			name = PYArcMenuView;
			productName = PYArcMenuView;
			productReference = 333AA9601C29451A0080B33C /* PYArcMenuView.app */;
			productType = "com.apple.product-type.application";
		};
		333AA9781C29451A0080B33C /* PYArcMenuViewTests */ = {
			isa = PBXNativeTarget;
			buildConfigurationList = 333AA9901C29451A0080B33C /* Build configuration list for PBXNativeTarget "PYArcMenuViewTests" */;
			buildPhases = (
				333AA9751C29451A0080B33C /* Sources */,
				333AA9761C29451A0080B33C /* Frameworks */,
				333AA9771C29451A0080B33C /* Resources */,
			);
			buildRules = (
			);
			dependencies = (
				333AA97B1C29451A0080B33C /* PBXTargetDependency */,
			);
			name = PYArcMenuViewTests;
			productName = PYArcMenuViewTests;
			productReference = 333AA9791C29451A0080B33C /* PYArcMenuViewTests.xctest */;
			productType = "com.apple.product-type.bundle.unit-test";
		};
		333AA9831C29451A0080B33C /* PYArcMenuViewUITests */ = {
			isa = PBXNativeTarget;
			buildConfigurationList = 333AA9931C29451A0080B33C /* Build configuration list for PBXNativeTarget "PYArcMenuViewUITests" */;
			buildPhases = (
				333AA9801C29451A0080B33C /* Sources */,
				333AA9811C29451A0080B33C /* Frameworks */,
				333AA9821C29451A0080B33C /* Resources */,
			);
			buildRules = (
			);
			dependencies = (
				333AA9861C29451A0080B33C /* PBXTargetDependency */,
			);
			name = PYArcMenuViewUITests;
			productName = PYArcMenuViewUITests;
			productReference = 333AA9841C29451A0080B33C /* PYArcMenuViewUITests.xctest */;
			productType = "com.apple.product-type.bundle.ui-testing";
		};
/* End PBXNativeTarget section */

/* Begin PBXProject section */
		333AA9581C29451A0080B33C /* Project object */ = {
			isa = PBXProject;
			attributes = {
				LastUpgradeCheck = 0710;
				ORGANIZATIONNAME = mtxc;
				TargetAttributes = {
					333AA95F1C29451A0080B33C = {
						CreatedOnToolsVersion = 7.1.1;
						DevelopmentTeam = H26Q7V529W;
					};
					333AA9781C29451A0080B33C = {
						CreatedOnToolsVersion = 7.1.1;
						DevelopmentTeam = H26Q7V529W;
						TestTargetID = 333AA95F1C29451A0080B33C;
					};
					333AA9831C29451A0080B33C = {
						CreatedOnToolsVersion = 7.1.1;
						DevelopmentTeam = H26Q7V529W;
						TestTargetID = 333AA95F1C29451A0080B33C;
					};
				};
			};
			buildConfigurationList = 333AA95B1C29451A0080B33C /* Build configuration list for PBXProject "PYArcMenuView" */;
			compatibilityVersion = "Xcode 3.2";
			developmentRegion = English;
			hasScannedForEncodings = 0;
			knownRegions = (
				en,
				Base,
			);
			mainGroup = 333AA9571C29451A0080B33C;
			productRefGroup = 333AA9611C29451A0080B33C /* Products */;
			projectDirPath = "";
			projectRoot = "";
			targets = (
				333AA95F1C29451A0080B33C /* PYArcMenuView */,
				333AA9781C29451A0080B33C /* PYArcMenuViewTests */,
				333AA9831C29451A0080B33C /* PYArcMenuViewUITests */,
			);
		};
/* End PBXProject section */

/* Begin PBXResourcesBuildPhase section */
		333AA95E1C29451A0080B33C /* Resources */ = {
			isa = PBXResourcesBuildPhase;
			buildActionMask = 2147483647;
			files = (
				333AA9731C29451A0080B33C /* LaunchScreen.storyboard in Resources */,
				333AA9701C29451A0080B33C /* Assets.xcassets in Resources */,
				333AA96E1C29451A0080B33C /* Main.storyboard in Resources */,
			);
			runOnlyForDeploymentPostprocessing = 0;
		};
		333AA9771C29451A0080B33C /* Resources */ = {
			isa = PBXResourcesBuildPhase;
			buildActionMask = 2147483647;
			files = (
			);
			runOnlyForDeploymentPostprocessing = 0;
		};
		333AA9821C29451A0080B33C /* Resources */ = {
			isa = PBXResourcesBuildPhase;
			buildActionMask = 2147483647;
			files = (
			);
			runOnlyForDeploymentPostprocessing = 0;
		};
/* End PBXResourcesBuildPhase section */

/* Begin PBXSourcesBuildPhase section */
		333AA95C1C29451A0080B33C /* Sources */ = {
			isa = PBXSourcesBuildPhase;
			buildActionMask = 2147483647;
			files = (
				333AA96B1C29451A0080B33C /* ViewController.m in Sources */,
				333AA9681C29451A0080B33C /* AppDelegate.m in Sources */,
				333AA9651C29451A0080B33C /* main.m in Sources */,
			);
			runOnlyForDeploymentPostprocessing = 0;
		};
		333AA9751C29451A0080B33C /* Sources */ = {
			isa = PBXSourcesBuildPhase;
			buildActionMask = 2147483647;
			files = (
				333AA97E1C29451A0080B33C /* PYArcMenuViewTests.m in Sources */,
			);
			runOnlyForDeploymentPostprocessing = 0;
		};
		333AA9801C29451A0080B33C /* Sources */ = {
			isa = PBXSourcesBuildPhase;
			buildActionMask = 2147483647;
			files = (
				333AA9891C29451A0080B33C /* PYArcMenuViewUITests.m in Sources */,
			);
			runOnlyForDeploymentPostprocessing = 0;
		};
/* End PBXSourcesBuildPhase section */

/* Begin PBXTargetDependency section */
		333AA97B1C29451A0080B33C /* PBXTargetDependency */ = {
			isa = PBXTargetDependency;
			target = 333AA95F1C29451A0080B33C /* PYArcMenuView */;
			targetProxy = 333AA97A1C29451A0080B33C /* PBXContainerItemProxy */;
		};
		333AA9861C29451A0080B33C /* PBXTargetDependency */ = {
			isa = PBXTargetDependency;
			target = 333AA95F1C29451A0080B33C /* PYArcMenuView */;
			targetProxy = 333AA9851C29451A0080B33C /* PBXContainerItemProxy */;
		};
/* End PBXTargetDependency section */

/* Begin PBXVariantGroup section */
		333AA96C1C29451A0080B33C /* Main.storyboard */ = {
			isa = PBXVariantGroup;
			children = (
				333AA96D1C29451A0080B33C /* Base */,
			);
			name = Main.storyboard;
			sourceTree = "<group>";
		};
		333AA9711C29451A0080B33C /* LaunchScreen.storyboard */ = {
			isa = PBXVariantGroup;
			children = (
				333AA9721C29451A0080B33C /* Base */,
			);
			name = LaunchScreen.storyboard;
			sourceTree = "<group>";
		};
/* End PBXVariantGroup section */

/* Begin XCBuildConfiguration section */
		333AA98B1C29451A0080B33C /* Debug */ = {
			isa = XCBuildConfiguration;
			buildSettings = {
				ALWAYS_SEARCH_USER_PATHS = NO;
				CLANG_CXX_LANGUAGE_STANDARD = "gnu++0x";
				CLANG_CXX_LIBRARY = "libc++";
				CLANG_ENABLE_MODULES = YES;
				CLANG_ENABLE_OBJC_ARC = YES;
				CLANG_WARN_BOOL_CONVERSION = YES;
				CLANG_WARN_CONSTANT_CONVERSION = YES;
				CLANG_WARN_DIRECT_OBJC_ISA_USAGE = YES_ERROR;
				CLANG_WARN_EMPTY_BODY = YES;
				CLANG_WARN_ENUM_CONVERSION = YES;
				CLANG_WARN_INT_CONVERSION = YES;
				CLANG_WARN_OBJC_ROOT_CLASS = YES_ERROR;
				CLANG_WARN_UNREACHABLE_CODE = YES;
				CLANG_WARN__DUPLICATE_METHOD_MATCH = YES;
				"CODE_SIGN_IDENTITY[sdk=iphoneos*]" = "iPhone Developer";
				COPY_PHASE_STRIP = NO;
				DEBUG_INFORMATION_FORMAT = dwarf;
				ENABLE_STRICT_OBJC_MSGSEND = YES;
				ENABLE_TESTABILITY = YES;
				GCC_C_LANGUAGE_STANDARD = gnu99;
				GCC_DYNAMIC_NO_PIC = NO;
				GCC_NO_COMMON_BLOCKS = YES;
				GCC_OPTIMIZATION_LEVEL = 0;
				GCC_PREPROCESSOR_DEFINITIONS = (
					"DEBUG=1",
					"$(inherited)",
				);
				GCC_WARN_64_TO_32_BIT_CONVERSION = YES;
				GCC_WARN_ABOUT_RETURN_TYPE = YES_ERROR;
				GCC_WARN_UNDECLARED_SELECTOR = YES;
				GCC_WARN_UNINITIALIZED_AUTOS = YES_AGGRESSIVE;
				GCC_WARN_UNUSED_FUNCTION = YES;
				GCC_WARN_UNUSED_VARIABLE = YES;
				IPHONEOS_DEPLOYMENT_TARGET = 9.1;
				MTL_ENABLE_DEBUG_INFO = YES;
				ONLY_ACTIVE_ARCH = YES;
				SDKROOT = iphoneos;
			};
			name = Debug;
		};
		333AA98C1C29451A0080B33C /* Release */ = {
			isa = XCBuildConfiguration;
			buildSettings = {
				ALWAYS_SEARCH_USER_PATHS = NO;
				CLANG_CXX_LANGUAGE_STANDARD = "gnu++0x";
				CLANG_CXX_LIBRARY = "libc++";
				CLANG_ENABLE_MODULES = YES;
				CLANG_ENABLE_OBJC_ARC = YES;
				CLANG_WARN_BOOL_CONVERSION = YES;
				CLANG_WARN_CONSTANT_CONVERSION = YES;
				CLANG_WARN_DIRECT_OBJC_ISA_USAGE = YES_ERROR;
				CLANG_WARN_EMPTY_BODY = YES;
				CLANG_WARN_ENUM_CONVERSION = YES;
				CLANG_WARN_INT_CONVERSION = YES;
				CLANG_WARN_OBJC_ROOT_CLASS = YES_ERROR;
				CLANG_WARN_UNREACHABLE_CODE = YES;
				CLANG_WARN__DUPLICATE_METHOD_MATCH = YES;
				"CODE_SIGN_IDENTITY[sdk=iphoneos*]" = "iPhone Developer";
				COPY_PHASE_STRIP = NO;
				DEBUG_INFORMATION_FORMAT = "dwarf-with-dsym";
				ENABLE_NS_ASSERTIONS = NO;
				ENABLE_STRICT_OBJC_MSGSEND = YES;
				GCC_C_LANGUAGE_STANDARD = gnu99;
				GCC_NO_COMMON_BLOCKS = YES;
				GCC_WARN_64_TO_32_BIT_CONVERSION = YES;
				GCC_WARN_ABOUT_RETURN_TYPE = YES_ERROR;
				GCC_WARN_UNDECLARED_SELECTOR = YES;
				GCC_WARN_UNINITIALIZED_AUTOS = YES_AGGRESSIVE;
				GCC_WARN_UNUSED_FUNCTION = YES;
				GCC_WARN_UNUSED_VARIABLE = YES;
				IPHONEOS_DEPLOYMENT_TARGET = 9.1;
				MTL_ENABLE_DEBUG_INFO = NO;
				SDKROOT = iphoneos;
				VALIDATE_PRODUCT = YES;
			};
			name = Release;
		};
		333AA98E1C29451A0080B33C /* Debug */ = {
			isa = XCBuildConfiguration;
			buildSettings = {
				ASSETCATALOG_COMPILER_APPICON_NAME = AppIcon;
				INFOPLIST_FILE = PYArcMenuView/Info.plist;
				LD_RUNPATH_SEARCH_PATHS = "$(inherited) @executable_path/Frameworks";
				PRODUCT_BUNDLE_IDENTIFIER = com.mtxc.PYArcMenuView;
				PRODUCT_NAME = "$(TARGET_NAME)";
			};
			name = Debug;
		};
		333AA98F1C29451A0080B33C /* Release */ = {
			isa = XCBuildConfiguration;
			buildSettings = {
				ASSETCATALOG_COMPILER_APPICON_NAME = AppIcon;
				INFOPLIST_FILE = PYArcMenuView/Info.plist;
				LD_RUNPATH_SEARCH_PATHS = "$(inherited) @executable_path/Frameworks";
				PRODUCT_BUNDLE_IDENTIFIER = com.mtxc.PYArcMenuView;
				PRODUCT_NAME = "$(TARGET_NAME)";
			};
			name = Release;
		};
		333AA9911C29451A0080B33C /* Debug */ = {
			isa = XCBuildConfiguration;
			buildSettings = {
				BUNDLE_LOADER = "$(TEST_HOST)";
				INFOPLIST_FILE = PYArcMenuViewTests/Info.plist;
				LD_RUNPATH_SEARCH_PATHS = "$(inherited) @executable_path/Frameworks @loader_path/Frameworks";
				PRODUCT_BUNDLE_IDENTIFIER = com.mtxc.PYArcMenuViewTests;
				PRODUCT_NAME = "$(TARGET_NAME)";
				TEST_HOST = "$(BUILT_PRODUCTS_DIR)/PYArcMenuView.app/PYArcMenuView";
			};
			name = Debug;
		};
		333AA9921C29451A0080B33C /* Release */ = {
			isa = XCBuildConfiguration;
			buildSettings = {
				BUNDLE_LOADER = "$(TEST_HOST)";
				INFOPLIST_FILE = PYArcMenuViewTests/Info.plist;
				LD_RUNPATH_SEARCH_PATHS = "$(inherited) @executable_path/Frameworks @loader_path/Frameworks";
				PRODUCT_BUNDLE_IDENTIFIER = com.mtxc.PYArcMenuViewTests;
				PRODUCT_NAME = "$(TARGET_NAME)";
				TEST_HOST = "$(BUILT_PRODUCTS_DIR)/PYArcMenuView.app/PYArcMenuView";
			};
			name = Release;
		};
		333AA9941C29451A0080B33C /* Debug */ = {
			isa = XCBuildConfiguration;
			buildSettings = {
				INFOPLIST_FILE = PYArcMenuViewUITests/Info.plist;
				LD_RUNPATH_SEARCH_PATHS = "$(inherited) @executable_path/Frameworks @loader_path/Frameworks";
				PRODUCT_BUNDLE_IDENTIFIER = com.mtxc.PYArcMenuViewUITests;
				PRODUCT_NAME = "$(TARGET_NAME)";
				TEST_TARGET_NAME = PYArcMenuView;
				USES_XCTRUNNER = YES;
			};
			name = Debug;
		};
		333AA9951C29451A0080B33C /* Release */ = {
			isa = XCBuildConfiguration;
			buildSettings = {
				INFOPLIST_FILE = PYArcMenuViewUITests/Info.plist;
				LD_RUNPATH_SEARCH_PATHS = "$(inherited) @executable_path/Frameworks @loader_path/Frameworks";
				PRODUCT_BUNDLE_IDENTIFIER = com.mtxc.PYArcMenuViewUITests;
				PRODUCT_NAME = "$(TARGET_NAME)";
				TEST_TARGET_NAME = PYArcMenuView;
				USES_XCTRUNNER = YES;
			};
			name = Release;
		};
/* End XCBuildConfiguration section */

/* Begin XCConfigurationList section */
		333AA95B1C29451A0080B33C /* Build configuration list for PBXProject "PYArcMenuView" */ = {
			isa = XCConfigurationList;
			buildConfigurations = (
				333AA98B1C29451A0080B33C /* Debug */,
				333AA98C1C29451A0080B33C /* Release */,
			);
			defaultConfigurationIsVisible = 0;
			defaultConfigurationName = Release;
		};
		333AA98D1C29451A0080B33C /* Build configuration list for PBXNativeTarget "PYArcMenuView" */ = {
			isa = XCConfigurationList;
			buildConfigurations = (
				333AA98E1C29451A0080B33C /* Debug */,
				333AA98F1C29451A0080B33C /* Release */,
			);
			defaultConfigurationIsVisible = 0;
		};
		333AA9901C29451A0080B33C /* Build configuration list for PBXNativeTarget "PYArcMenuViewTests" */ = {
			isa = XCConfigurationList;
			buildConfigurations = (
				333AA9911C29451A0080B33C /* Debug */,
				333AA9921C29451A0080B33C /* Release */,
			);
			defaultConfigurationIsVisible = 0;
		};
		333AA9931C29451A0080B33C /* Build configuration list for PBXNativeTarget "PYArcMenuViewUITests" */ = {
			isa = XCConfigurationList;
			buildConfigurations = (
				333AA9941C29451A0080B33C /* Debug */,
				333AA9951C29451A0080B33C /* Release */,
			);
			defaultConfigurationIsVisible = 0;
		};
/* End XCConfigurationList section */
	};
	rootObject = 333AA9581C29451A0080B33C /* Project object */;
}
